
Microsoft Visual Studio Solution File, Format Version 12.00
# Visual Studio Version 17
VisualStudioVersion = 17.7.34031.279
MinimumVisualStudioVersion = 10.0.40219.1
Project("{FAE04EC0-301F-11D3-BF4B-00C04F79EFBC}") = "DocumentVisitorWithModification", "DocumentVisitorWithModification\DocumentVisitorWithModification.csproj", "{10B06AFE-4B27-4B06-A76D-F4A53E3CD273}"
EndProject
Global
	GlobalSection(SolutionConfigurationPlatforms) = preSolution
		Debug|Any CPU = Debug|Any CPU
		Release|Any CPU = Release|Any CPU
	EndGlobalSection
	GlobalSection(ProjectConfigurationPlatforms) = postSolution
		{10B06AFE-4B27-4B06-A76D-F4A53E3CD273}.Debug|Any CPU.ActiveCfg = Debug|Any CPU
		{10B06AFE-4B27-4B06-A76D-F4A53E3CD273}.Debug|Any CPU.Build.0 = Debug|Any CPU
		{10B06AFE-4B27-4B06-A76D-F4A53E3CD273}.Release|Any CPU.ActiveCfg = Release|Any CPU
		{10B06AFE-4B27-4B06-A76D-F4A53E3CD273}.Release|Any CPU.Build.0 = Release|Any CPU
	EndGlobalSection
	GlobalSection(SolutionProperties) = preSolution
		HideSolutionNode = FALSE
	EndGlobalSection
	GlobalSection(ExtensibilityGlobals) = postSolution
		SolutionGuid = {95D058DE-DD61-4932-A44F-84AB023119F8}
	EndGlobalSection
EndGlobal
